
Microsoft Visual Studio Solution File, Format Version 12.00
# Visual Studio Version 17
VisualStudioVersion = 17.2.32526.322
MinimumVisualStudioVersion = 10.0.40219.1
Project("{FAE04EC0-301F-11D3-BF4B-00C04F79EFBC}") = "Aula_05", "Aula_05\Aula_05.csproj", "{31735B37-C302-4124-84F9-8CA2C65593DF}"
EndProject
Global
	GlobalSection(SolutionConfigurationPlatforms) = preSolution
		Debug|Any CPU = Debug|Any CPU
		Release|Any CPU = Release|Any CPU
	EndGlobalSection
	GlobalSection(ProjectConfigurationPlatforms) = postSolution
		{31735B37-C302-4124-84F9-8CA2C65593DF}.Debug|Any CPU.ActiveCfg = Debug|Any CPU
		{31735B37-C302-4124-84F9-8CA2C65593DF}.Debug|Any CPU.Build.0 = Debug|Any CPU
		{31735B37-C302-4124-84F9-8CA2C65593DF}.Release|Any CPU.ActiveCfg = Release|Any CPU
		{31735B37-C302-4124-84F9-8CA2C65593DF}.Release|Any CPU.Build.0 = Release|Any CPU
	EndGlobalSection
	GlobalSection(SolutionProperties) = preSolution
		HideSolutionNode = FALSE
	EndGlobalSection
	GlobalSection(ExtensibilityGlobals) = postSolution
		SolutionGuid = {BA116739-736F-4C89-BF5F-8952568AADF1}
	EndGlobalSection
EndGlobal
