
Microsoft Visual Studio Solution File, Format Version 12.00
# Visual Studio Version 17
VisualStudioVersion = 17.2.32526.322
MinimumVisualStudioVersion = 10.0.40219.1
Project("{FAE04EC0-301F-11D3-BF4B-00C04F79EFBC}") = "Aula08", "Aula08\Aula08.csproj", "{4560E480-88E9-4B16-ABAE-7C8F460715F0}"
EndProject
Global
	GlobalSection(SolutionConfigurationPlatforms) = preSolution
		Debug|Any CPU = Debug|Any CPU
		Release|Any CPU = Release|Any CPU
	EndGlobalSection
	GlobalSection(ProjectConfigurationPlatforms) = postSolution
		{4560E480-88E9-4B16-ABAE-7C8F460715F0}.Debug|Any CPU.ActiveCfg = Debug|Any CPU
		{4560E480-88E9-4B16-ABAE-7C8F460715F0}.Debug|Any CPU.Build.0 = Debug|Any CPU
		{4560E480-88E9-4B16-ABAE-7C8F460715F0}.Release|Any CPU.ActiveCfg = Release|Any CPU
		{4560E480-88E9-4B16-ABAE-7C8F460715F0}.Release|Any CPU.Build.0 = Release|Any CPU
	EndGlobalSection
	GlobalSection(SolutionProperties) = preSolution
		HideSolutionNode = FALSE
	EndGlobalSection
	GlobalSection(ExtensibilityGlobals) = postSolution
		SolutionGuid = {B1A3FBAF-2954-4E5E-9675-6792F644ACCF}
	EndGlobalSection
EndGlobal
