
Microsoft Visual Studio Solution File, Format Version 12.00
# Visual Studio Version 17
VisualStudioVersion = 17.2.32526.322
MinimumVisualStudioVersion = 10.0.40219.1
Project("{FAE04EC0-301F-11D3-BF4B-00C04F79EFBC}") = "Exercicio03_Aula08", "Exercicio03_Aula08.csproj", "{1CFC32F3-4087-4B74-B15F-518316E9E923}"
EndProject
Global
	GlobalSection(SolutionConfigurationPlatforms) = preSolution
		Debug|Any CPU = Debug|Any CPU
		Release|Any CPU = Release|Any CPU
	EndGlobalSection
	GlobalSection(ProjectConfigurationPlatforms) = postSolution
		{1CFC32F3-4087-4B74-B15F-518316E9E923}.Debug|Any CPU.ActiveCfg = Debug|Any CPU
		{1CFC32F3-4087-4B74-B15F-518316E9E923}.Debug|Any CPU.Build.0 = Debug|Any CPU
		{1CFC32F3-4087-4B74-B15F-518316E9E923}.Release|Any CPU.ActiveCfg = Release|Any CPU
		{1CFC32F3-4087-4B74-B15F-518316E9E923}.Release|Any CPU.Build.0 = Release|Any CPU
	EndGlobalSection
	GlobalSection(SolutionProperties) = preSolution
		HideSolutionNode = FALSE
	EndGlobalSection
	GlobalSection(ExtensibilityGlobals) = postSolution
		SolutionGuid = {9EC0F48D-BC71-4E65-A51D-495AFAF9F665}
	EndGlobalSection
EndGlobal
