
Microsoft Visual Studio Solution File, Format Version 12.00
# Visual Studio Version 17
VisualStudioVersion = 17.2.32526.322
MinimumVisualStudioVersion = 10.0.40219.1
Project("{FAE04EC0-301F-11D3-BF4B-00C04F79EFBC}") = "Exercicio_02", "Exercicio_02\Exercicio_02.csproj", "{9CFAB21A-FCDA-41EA-AC59-DC3C74E76DA0}"
EndProject
Global
	GlobalSection(SolutionConfigurationPlatforms) = preSolution
		Debug|Any CPU = Debug|Any CPU
		Release|Any CPU = Release|Any CPU
	EndGlobalSection
	GlobalSection(ProjectConfigurationPlatforms) = postSolution
		{9CFAB21A-FCDA-41EA-AC59-DC3C74E76DA0}.Debug|Any CPU.ActiveCfg = Debug|Any CPU
		{9CFAB21A-FCDA-41EA-AC59-DC3C74E76DA0}.Debug|Any CPU.Build.0 = Debug|Any CPU
		{9CFAB21A-FCDA-41EA-AC59-DC3C74E76DA0}.Release|Any CPU.ActiveCfg = Release|Any CPU
		{9CFAB21A-FCDA-41EA-AC59-DC3C74E76DA0}.Release|Any CPU.Build.0 = Release|Any CPU
	EndGlobalSection
	GlobalSection(SolutionProperties) = preSolution
		HideSolutionNode = FALSE
	EndGlobalSection
	GlobalSection(ExtensibilityGlobals) = postSolution
		SolutionGuid = {7AFEDD13-05B4-4A22-87A8-7999436E448B}
	EndGlobalSection
EndGlobal
