
Microsoft Visual Studio Solution File, Format Version 12.00
# Visual Studio Version 17
VisualStudioVersion = 17.2.32526.322
MinimumVisualStudioVersion = 10.0.40219.1
Project("{FAE04EC0-301F-11D3-BF4B-00C04F79EFBC}") = "Aula08_exercicio_2", "Aula08_exercicio_2\Aula08_exercicio_2.csproj", "{A7DC209B-D96F-49B9-A3EB-7653F2DC363A}"
EndProject
Global
	GlobalSection(SolutionConfigurationPlatforms) = preSolution
		Debug|Any CPU = Debug|Any CPU
		Release|Any CPU = Release|Any CPU
	EndGlobalSection
	GlobalSection(ProjectConfigurationPlatforms) = postSolution
		{A7DC209B-D96F-49B9-A3EB-7653F2DC363A}.Debug|Any CPU.ActiveCfg = Debug|Any CPU
		{A7DC209B-D96F-49B9-A3EB-7653F2DC363A}.Debug|Any CPU.Build.0 = Debug|Any CPU
		{A7DC209B-D96F-49B9-A3EB-7653F2DC363A}.Release|Any CPU.ActiveCfg = Release|Any CPU
		{A7DC209B-D96F-49B9-A3EB-7653F2DC363A}.Release|Any CPU.Build.0 = Release|Any CPU
	EndGlobalSection
	GlobalSection(SolutionProperties) = preSolution
		HideSolutionNode = FALSE
	EndGlobalSection
	GlobalSection(ExtensibilityGlobals) = postSolution
		SolutionGuid = {67413695-216B-4B3B-BBC7-6BAD8F41D3DA}
	EndGlobalSection
EndGlobal
