
Microsoft Visual Studio Solution File, Format Version 12.00
# Visual Studio Version 17
VisualStudioVersion = 17.2.32526.322
MinimumVisualStudioVersion = 10.0.40219.1
Project("{FAE04EC0-301F-11D3-BF4B-00C04F79EFBC}") = "Exercicio_3", "Exercicio_3\Exercicio_3.csproj", "{C19D655B-530A-4659-B35E-F9900924A0E1}"
EndProject
Global
	GlobalSection(SolutionConfigurationPlatforms) = preSolution
		Debug|Any CPU = Debug|Any CPU
		Release|Any CPU = Release|Any CPU
	EndGlobalSection
	GlobalSection(ProjectConfigurationPlatforms) = postSolution
		{C19D655B-530A-4659-B35E-F9900924A0E1}.Debug|Any CPU.ActiveCfg = Debug|Any CPU
		{C19D655B-530A-4659-B35E-F9900924A0E1}.Debug|Any CPU.Build.0 = Debug|Any CPU
		{C19D655B-530A-4659-B35E-F9900924A0E1}.Release|Any CPU.ActiveCfg = Release|Any CPU
		{C19D655B-530A-4659-B35E-F9900924A0E1}.Release|Any CPU.Build.0 = Release|Any CPU
	EndGlobalSection
	GlobalSection(SolutionProperties) = preSolution
		HideSolutionNode = FALSE
	EndGlobalSection
	GlobalSection(ExtensibilityGlobals) = postSolution
		SolutionGuid = {F27D13EF-D98B-431C-8495-FE526A0D8C6B}
	EndGlobalSection
EndGlobal
