
Microsoft Visual Studio Solution File, Format Version 12.00
# Visual Studio Version 17
VisualStudioVersion = 17.2.32526.322
MinimumVisualStudioVersion = 10.0.40219.1
Project("{FAE04EC0-301F-11D3-BF4B-00C04F79EFBC}") = "Aula_05_Exercicios", "Aula_05_Exercicios.csproj", "{52C9F580-E2BA-49BE-AA9E-2886CF5471F6}"
EndProject
Project("{9A19103F-16F7-4668-BE54-9A1E7A4F7556}") = "Exercicio02_Aula05", "..\Exercicio02_Aula05\Exercicio02_Aula05.csproj", "{3EA220BF-8E67-4743-B6EC-089508BCA25D}"
EndProject
Project("{FAE04EC0-301F-11D3-BF4B-00C04F79EFBC}") = "Exercicio01_Aula05", "..\Exercicio01_Aula05\Exercicio01_Aula05.csproj", "{60C358F4-5F1A-405D-A720-D8E7EF92FB0A}"
EndProject
Global
	GlobalSection(SolutionConfigurationPlatforms) = preSolution
		Debug|Any CPU = Debug|Any CPU
		Release|Any CPU = Release|Any CPU
	EndGlobalSection
	GlobalSection(ProjectConfigurationPlatforms) = postSolution
		{52C9F580-E2BA-49BE-AA9E-2886CF5471F6}.Debug|Any CPU.ActiveCfg = Debug|Any CPU
		{52C9F580-E2BA-49BE-AA9E-2886CF5471F6}.Debug|Any CPU.Build.0 = Debug|Any CPU
		{52C9F580-E2BA-49BE-AA9E-2886CF5471F6}.Release|Any CPU.ActiveCfg = Release|Any CPU
		{52C9F580-E2BA-49BE-AA9E-2886CF5471F6}.Release|Any CPU.Build.0 = Release|Any CPU
		{3EA220BF-8E67-4743-B6EC-089508BCA25D}.Debug|Any CPU.ActiveCfg = Debug|Any CPU
		{3EA220BF-8E67-4743-B6EC-089508BCA25D}.Debug|Any CPU.Build.0 = Debug|Any CPU
		{3EA220BF-8E67-4743-B6EC-089508BCA25D}.Release|Any CPU.ActiveCfg = Release|Any CPU
		{3EA220BF-8E67-4743-B6EC-089508BCA25D}.Release|Any CPU.Build.0 = Release|Any CPU
		{60C358F4-5F1A-405D-A720-D8E7EF92FB0A}.Debug|Any CPU.ActiveCfg = Debug|Any CPU
		{60C358F4-5F1A-405D-A720-D8E7EF92FB0A}.Debug|Any CPU.Build.0 = Debug|Any CPU
		{60C358F4-5F1A-405D-A720-D8E7EF92FB0A}.Release|Any CPU.ActiveCfg = Release|Any CPU
		{60C358F4-5F1A-405D-A720-D8E7EF92FB0A}.Release|Any CPU.Build.0 = Release|Any CPU
	EndGlobalSection
	GlobalSection(SolutionProperties) = preSolution
		HideSolutionNode = FALSE
	EndGlobalSection
	GlobalSection(ExtensibilityGlobals) = postSolution
		SolutionGuid = {A43D3FBB-E8B6-4078-AE85-2FB1CFF247D1}
	EndGlobalSection
EndGlobal
