
Microsoft Visual Studio Solution File, Format Version 12.00
# Visual Studio Version 17
VisualStudioVersion = 17.2.32526.322
MinimumVisualStudioVersion = 10.0.40219.1
Project("{FAE04EC0-301F-11D3-BF4B-00C04F79EFBC}") = "Aula07", "Aula07\Aula07.csproj", "{AF858904-08BC-424D-A381-4677604E98D7}"
EndProject
Global
	GlobalSection(SolutionConfigurationPlatforms) = preSolution
		Debug|Any CPU = Debug|Any CPU
		Release|Any CPU = Release|Any CPU
	EndGlobalSection
	GlobalSection(ProjectConfigurationPlatforms) = postSolution
		{AF858904-08BC-424D-A381-4677604E98D7}.Debug|Any CPU.ActiveCfg = Debug|Any CPU
		{AF858904-08BC-424D-A381-4677604E98D7}.Debug|Any CPU.Build.0 = Debug|Any CPU
		{AF858904-08BC-424D-A381-4677604E98D7}.Release|Any CPU.ActiveCfg = Release|Any CPU
		{AF858904-08BC-424D-A381-4677604E98D7}.Release|Any CPU.Build.0 = Release|Any CPU
	EndGlobalSection
	GlobalSection(SolutionProperties) = preSolution
		HideSolutionNode = FALSE
	EndGlobalSection
	GlobalSection(ExtensibilityGlobals) = postSolution
		SolutionGuid = {A7909E9F-A2F5-4A3F-BEB8-56E77D341F32}
	EndGlobalSection
EndGlobal
