
Microsoft Visual Studio Solution File, Format Version 12.00
# Visual Studio Version 17
VisualStudioVersion = 17.2.32526.322
MinimumVisualStudioVersion = 10.0.40219.1
Project("{FAE04EC0-301F-11D3-BF4B-00C04F79EFBC}") = "Aula07", "Aula07.csproj", "{8E084A33-DCB4-4715-8254-265F2601B414}"
EndProject
Project("{FAE04EC0-301F-11D3-BF4B-00C04F79EFBC}") = "ExercicioCalc", "..\ExercicioCalc\ExercicioCalc.csproj", "{5B0B450E-9F5E-4515-A603-826DF3D0B22C}"
EndProject
Global
	GlobalSection(SolutionConfigurationPlatforms) = preSolution
		Debug|Any CPU = Debug|Any CPU
		Release|Any CPU = Release|Any CPU
	EndGlobalSection
	GlobalSection(ProjectConfigurationPlatforms) = postSolution
		{8E084A33-DCB4-4715-8254-265F2601B414}.Debug|Any CPU.ActiveCfg = Debug|Any CPU
		{8E084A33-DCB4-4715-8254-265F2601B414}.Debug|Any CPU.Build.0 = Debug|Any CPU
		{8E084A33-DCB4-4715-8254-265F2601B414}.Release|Any CPU.ActiveCfg = Release|Any CPU
		{8E084A33-DCB4-4715-8254-265F2601B414}.Release|Any CPU.Build.0 = Release|Any CPU
		{5B0B450E-9F5E-4515-A603-826DF3D0B22C}.Debug|Any CPU.ActiveCfg = Debug|Any CPU
		{5B0B450E-9F5E-4515-A603-826DF3D0B22C}.Debug|Any CPU.Build.0 = Debug|Any CPU
		{5B0B450E-9F5E-4515-A603-826DF3D0B22C}.Release|Any CPU.ActiveCfg = Release|Any CPU
		{5B0B450E-9F5E-4515-A603-826DF3D0B22C}.Release|Any CPU.Build.0 = Release|Any CPU
	EndGlobalSection
	GlobalSection(SolutionProperties) = preSolution
		HideSolutionNode = FALSE
	EndGlobalSection
	GlobalSection(ExtensibilityGlobals) = postSolution
		SolutionGuid = {87A351E8-BB7F-4EF1-B888-1303131C4A81}
	EndGlobalSection
EndGlobal
