
Microsoft Visual Studio Solution File, Format Version 12.00
# Visual Studio Version 17
VisualStudioVersion = 17.2.32526.322
MinimumVisualStudioVersion = 10.0.40219.1
Project("{FAE04EC0-301F-11D3-BF4B-00C04F79EFBC}") = "Aula06", "Aula06\Aula06.csproj", "{59FA728C-1D77-46D4-8B08-A5D86D52C311}"
EndProject
Global
	GlobalSection(SolutionConfigurationPlatforms) = preSolution
		Debug|Any CPU = Debug|Any CPU
		Release|Any CPU = Release|Any CPU
	EndGlobalSection
	GlobalSection(ProjectConfigurationPlatforms) = postSolution
		{59FA728C-1D77-46D4-8B08-A5D86D52C311}.Debug|Any CPU.ActiveCfg = Debug|Any CPU
		{59FA728C-1D77-46D4-8B08-A5D86D52C311}.Debug|Any CPU.Build.0 = Debug|Any CPU
		{59FA728C-1D77-46D4-8B08-A5D86D52C311}.Release|Any CPU.ActiveCfg = Release|Any CPU
		{59FA728C-1D77-46D4-8B08-A5D86D52C311}.Release|Any CPU.Build.0 = Release|Any CPU
	EndGlobalSection
	GlobalSection(SolutionProperties) = preSolution
		HideSolutionNode = FALSE
	EndGlobalSection
	GlobalSection(ExtensibilityGlobals) = postSolution
		SolutionGuid = {B204ED88-232C-4F17-8D0D-7C2D5A86C34F}
	EndGlobalSection
EndGlobal
